
Microsoft Visual Studio Solution File, Format Version 12.00
# Visual Studio 14
VisualStudioVersion = 14.0.25123.0
MinimumVisualStudioVersion = 10.0.40219.1
Project("{2150E333-8FDC-42A3-9474-1A3956D46DE8}") = "src", "src", "{4A856A82-447A-4110-9519-E1B0FE8CEB88}"
EndProject
Project("{2150E333-8FDC-42A3-9474-1A3956D46DE8}") = "Solution Items", "Solution Items", "{A5B687EE-DA9C-4317-B358-4087D1D6C5CB}"
	ProjectSection(SolutionItems) = preProject
		global.json = global.json
	EndProjectSection
EndProject
Project("{8BB2217D-0F2D-49D1-97BC-3654ED321F3B}") = "PatientDataEntry", "src\PatientDataEntry\PatientDataEntry.xproj", "{F0D5083A-7231-4542-BA90-91EF43146D57}"
EndProject
Global
	GlobalSection(SolutionConfigurationPlatforms) = preSolution
		Debug|Any CPU = Debug|Any CPU
		Release|Any CPU = Release|Any CPU
	EndGlobalSection
	GlobalSection(ProjectConfigurationPlatforms) = postSolution
		{F0D5083A-7231-4542-BA90-91EF43146D57}.Debug|Any CPU.ActiveCfg = Debug|Any CPU
		{F0D5083A-7231-4542-BA90-91EF43146D57}.Debug|Any CPU.Build.0 = Debug|Any CPU
		{F0D5083A-7231-4542-BA90-91EF43146D57}.Release|Any CPU.ActiveCfg = Release|Any CPU
		{F0D5083A-7231-4542-BA90-91EF43146D57}.Release|Any CPU.Build.0 = Release|Any CPU
	EndGlobalSection
	GlobalSection(SolutionProperties) = preSolution
		HideSolutionNode = FALSE
	EndGlobalSection
	GlobalSection(NestedProjects) = preSolution
		{F0D5083A-7231-4542-BA90-91EF43146D57} = {4A856A82-447A-4110-9519-E1B0FE8CEB88}
	EndGlobalSection
EndGlobal
